<?xml version="1.0" encoding="utf-8"?>
<Project ToolsVersion="4.0" xmlns="http://schemas.microsoft.com/developer/msbuild/2003">
  <ItemGroup>
    <Filter Include="Form Files">
      <UniqueIdentifier>{99349809-55BA-4b9d-BF79-8FDBB0286EB3}</UniqueIdentifier>
      <Extensions>ui</Extensions>
      <ParseFiles>false</ParseFiles>
    </Filter>
    <Filter Include="Form Files">
      <UniqueIdentifier>{99349809-55BA-4b9d-BF79-8FDBB0286EB3}</UniqueIdentifier>
      <Extensions>ui</Extensions>
      <ParseFiles>false</ParseFiles>
    </Filter>
    <Filter Include="Generated Files">
      <UniqueIdentifier>{71ED8ED8-ACB9-4CE9-BBE1-E00B30144E11}</UniqueIdentifier>
      <Extensions>cpp;c;cxx;moc;h;def;odl;idl;res;</Extensions>
    </Filter>
    <Filter Include="Generated Files">
      <UniqueIdentifier>{71ED8ED8-ACB9-4CE9-BBE1-E00B30144E11}</UniqueIdentifier>
      <Extensions>cpp;c;cxx;moc;h;def;odl;idl;res;</Extensions>
    </Filter>
    <Filter Include="Header Files">
      <UniqueIdentifier>{93995380-89BD-4b04-88EB-625FBE52EBFB}</UniqueIdentifier>
      <Extensions>h;hpp;hxx;hm;inl;inc;xsd</Extensions>
    </Filter>
    <Filter Include="Header Files">
      <UniqueIdentifier>{93995380-89BD-4b04-88EB-625FBE52EBFB}</UniqueIdentifier>
      <Extensions>h;hpp;hxx;hm;inl;inc;xsd</Extensions>
    </Filter>
    <Filter Include="Resource Files">
      <UniqueIdentifier>{D9D6E242-F8AF-46E4-B9FD-80ECBC20BA3E}</UniqueIdentifier>
      <Extensions>qrc;*</Extensions>
      <ParseFiles>false</ParseFiles>
    </Filter>
    <Filter Include="Resource Files">
      <UniqueIdentifier>{D9D6E242-F8AF-46E4-B9FD-80ECBC20BA3E}</UniqueIdentifier>
      <Extensions>qrc;*</Extensions>
      <ParseFiles>false</ParseFiles>
    </Filter>
    <Filter Include="Source Files">
      <UniqueIdentifier>{4FC737F1-C7A5-4376-A066-2A32D752A2FF}</UniqueIdentifier>
      <Extensions>cpp;c;cxx;def;odl;idl;hpj;bat;asm;asmx</Extensions>
    </Filter>
    <Filter Include="Source Files">
      <UniqueIdentifier>{4FC737F1-C7A5-4376-A066-2A32D752A2FF}</UniqueIdentifier>
      <Extensions>cpp;c;cxx;def;odl;idl;hpj;bat;asm;asmx</Extensions>
    </Filter>
  </ItemGroup>
  <ItemGroup>
    <ClCompile Include="Calibration.cpp">
      <Filter>Source Files</Filter>
    </ClCompile>
    <ClCompile Include="ChooseDialog.cpp">
      <Filter>Source Files</Filter>
    </ClCompile>
    <ClCompile Include="Connect.cpp">
      <Filter>Source Files</Filter>
    </ClCompile>
    <ClCompile Include="HandeyeCalib.cpp">
      <Filter>Source Files</Filter>
    </ClCompile>
    <ClCompile Include="ImageShow.cpp">
      <Filter>Source Files</Filter>
    </ClCompile>
    <ClCompile Include="ImageThread.cpp">
      <Filter>Source Files</Filter>
    </ClCompile>
    <ClCompile Include="Matching.cpp">
      <Filter>Source Files</Filter>
    </ClCompile>
    <ClCompile Include="Models.cpp">
      <Filter>Source Files</Filter>
    </ClCompile>
    <ClCompile Include="Simulate.cpp">
      <Filter>Source Files</Filter>
    </ClCompile>
    <ClCompile Include="halconImage.cpp">
      <Filter>Source Files</Filter>
    </ClCompile>
    <ClCompile Include="main.cpp">
      <Filter>Source Files</Filter>
    </ClCompile>
    <ClCompile Include="mainWidget.cpp">
      <Filter>Source Files</Filter>
    </ClCompile>
    <ClCompile Include="ImageView\widgetscens.cpp">
      <Filter>Source Files</Filter>
    </ClCompile>
    <ClCompile Include="ImageView\widgetview.cpp">
      <Filter>Source Files</Filter>
    </ClCompile>
    <ClCompile Include="GeneratedFiles\qrc_pixmap.cpp">
      <Filter>Generated Files</Filter>
    </ClCompile>
  </ItemGroup>
  <ItemGroup>
    <QtMoc Include="Calibration.h">
      <Filter>Header Files</Filter>
    </QtMoc>
    <QtMoc Include="ChooseDialog.h">
      <Filter>Header Files</Filter>
    </QtMoc>
    <QtMoc Include="Connect.h">
      <Filter>Header Files</Filter>
    </QtMoc>
    <QtMoc Include="HandeyeCalib.h">
      <Filter>Header Files</Filter>
    </QtMoc>
    <QtMoc Include="ImageShow.h">
      <Filter>Header Files</Filter>
    </QtMoc>
    <QtMoc Include="ImageThread.h">
      <Filter>Header Files</Filter>
    </QtMoc>
    <QtMoc Include="Matching.h">
      <Filter>Header Files</Filter>
    </QtMoc>
    <QtMoc Include="Models.h">
      <Filter>Header Files</Filter>
    </QtMoc>
    <QtMoc Include="Simulate.h">
      <Filter>Header Files</Filter>
    </QtMoc>
    <QtMoc Include="halconImage.h">
      <Filter>Header Files</Filter>
    </QtMoc>
    <QtMoc Include="mainWidget.h">
      <Filter>Header Files</Filter>
    </QtMoc>
    <QtMoc Include="ImageView\widgetscens.h">
      <Filter>Header Files</Filter>
    </QtMoc>
    <QtMoc Include="ImageView\widgetview.h">
      <Filter>Header Files</Filter>
    </QtMoc>
  </ItemGroup>
  <ItemGroup>
    <ClInclude Include="ui_2dimageshow.h">
      <Filter>Generated Files</Filter>
    </ClInclude>
    <ClInclude Include="ui_connect.h">
      <Filter>Generated Files</Filter>
    </ClInclude>
    <ClInclude Include="ui_halconimage.h">
      <Filter>Generated Files</Filter>
    </ClInclude>
    <ClInclude Include="ui_handeyecalib.h">
      <Filter>Generated Files</Filter>
    </ClInclude>
    <ClInclude Include="QtAdsOperate.h">
      <Filter>Generated Files</Filter>
    </ClInclude>
    <ClInclude Include="qtadsoperate_global.h">
      <Filter>Generated Files</Filter>
    </ClInclude>
    <ClInclude Include="TcAdsAPI.h">
      <Filter>Generated Files</Filter>
    </ClInclude>
    <ClInclude Include="TcAdsDef.h">
      <Filter>Generated Files</Filter>
    </ClInclude>
    <ClInclude Include="GeneratedFiles\ui_2dimageshow.h">
      <Filter>Generated Files</Filter>
    </ClInclude>
    <ClInclude Include="GeneratedFiles\ui_connect.h">
      <Filter>Generated Files</Filter>
    </ClInclude>
    <ClInclude Include="GeneratedFiles\ui_halconimage.h">
      <Filter>Generated Files</Filter>
    </ClInclude>
    <ClInclude Include="GeneratedFiles\ui_handeyecalib.h">
      <Filter>Generated Files</Filter>
    </ClInclude>
  </ItemGroup>
  <ItemGroup>
    <QtUic Include="Ui\2dimageshow.ui">
      <Filter>Form Files</Filter>
    </QtUic>
    <QtUic Include="Ui\connect.ui">
      <Filter>Form Files</Filter>
    </QtUic>
    <QtUic Include="Ui\halconimage.ui">
      <Filter>Form Files</Filter>
    </QtUic>
    <QtUic Include="Ui\handeyecalib.ui">
      <Filter>Form Files</Filter>
    </QtUic>
    <QtUic Include="Ui\2dimageshow1.ui">
      <Filter>Form Files</Filter>
    </QtUic>
  </ItemGroup>
  <ItemGroup>
    <None Include="philo1.png">
      <Filter>Resource Files</Filter>
    </None>
    <QtRcc Include="pixmap.qrc">
      <Filter>Resource Files</Filter>
    </QtRcc>
    <None Include="images\vc.png">
      <Filter>Resource Files</Filter>
    </None>
    <None Include="TcAdsDll.dll" />
  </ItemGroup>
  <ItemGroup>
    <Library Include="QtAdsOperate.lib" />
    <Library Include="TcAdsDll.lib" />
  </ItemGroup>
</Project>